# This file is automatically @generated by Cargo.
# It is not intended for manual editing.
version = 4

[[package]]
name = "admin"
version = "0.1.0"

[[package]]
name = "framework"
version = "0.1.0"

[[package]]
name = "ordering"
version = "0.1.0"

[[package]]
name = "payment"
version = "0.1.0"

[[package]]
name = "phantom-store-cli"
version = "0.1.0"

[[package]]
name = "proto"
version = "0.1.0"

[[package]]
name = "server"
version = "0.1.0"

[[package]]
name = "waf"
version = "0.1.0"
